
Microsoft Visual Studio Solution File, Format Version 12.00
# Visual Studio 15
VisualStudioVersion = 15.0.27703.2000
MinimumVisualStudioVersion = 10.0.40219.1
Project("{FAE04EC0-301F-11D3-BF4B-00C04F79EFBC}") = "EducationalPratice_Task_2", "EducationalPratice_Task_2\EducationalPratice_Task_2.csproj", "{5DC846FB-7778-43CF-B9C3-0911F6C3BAB9}"
EndProject
Global
	GlobalSection(SolutionConfigurationPlatforms) = preSolution
		Debug|Any CPU = Debug|Any CPU
		Release|Any CPU = Release|Any CPU
	EndGlobalSection
	GlobalSection(ProjectConfigurationPlatforms) = postSolution
		{5DC846FB-7778-43CF-B9C3-0911F6C3BAB9}.Debug|Any CPU.ActiveCfg = Debug|Any CPU
		{5DC846FB-7778-43CF-B9C3-0911F6C3BAB9}.Debug|Any CPU.Build.0 = Debug|Any CPU
		{5DC846FB-7778-43CF-B9C3-0911F6C3BAB9}.Release|Any CPU.ActiveCfg = Release|Any CPU
		{5DC846FB-7778-43CF-B9C3-0911F6C3BAB9}.Release|Any CPU.Build.0 = Release|Any CPU
	EndGlobalSection
	GlobalSection(SolutionProperties) = preSolution
		HideSolutionNode = FALSE
	EndGlobalSection
	GlobalSection(ExtensibilityGlobals) = postSolution
		SolutionGuid = {E113CCC1-F063-4CB4-965D-88F84BE458D9}
	EndGlobalSection
EndGlobal
